
Microsoft Visual Studio Solution File, Format Version 11.00
# Visual Studio 2010
Project("{8BC9CEB8-8B4A-11D0-8D11-00A0C91BC942}") = "cs", "cs\cs.vcxproj", "{3604181D-1B5B-481B-A33E-90A0F2C34D5C}"
EndProject
Global
	GlobalSection(SolutionConfigurationPlatforms) = preSolution
		Debug|Win32 = Debug|Win32
		Release|Win32 = Release|Win32
	EndGlobalSection
	GlobalSection(ProjectConfigurationPlatforms) = postSolution
		{3604181D-1B5B-481B-A33E-90A0F2C34D5C}.Debug|Win32.ActiveCfg = Debug|Win32
		{3604181D-1B5B-481B-A33E-90A0F2C34D5C}.Debug|Win32.Build.0 = Debug|Win32
		{3604181D-1B5B-481B-A33E-90A0F2C34D5C}.Release|Win32.ActiveCfg = Release|Win32
		{3604181D-1B5B-481B-A33E-90A0F2C34D5C}.Release|Win32.Build.0 = Release|Win32
	EndGlobalSection
	GlobalSection(SolutionProperties) = preSolution
		HideSolutionNode = FALSE
	EndGlobalSection
EndGlobal
